http:
  middlewares:
    geoblock:
      plugin:
        geoblock:
          # Enable this plugin?
          enabled: true
          # Path to ip2location database file
          databaseFilePath: /plugins-local/src/github.com/nscuro/traefik-plugin-geoblock/IP2LOCATION-LITE-DB1.IPV6.BIN
          # Whitelist of countries to allow (ISO 3166-1 alpha-2)
          # only USA and Canada
          allowedCountries: [ "US", "CA" ]
          # Blocklist of countries to block (ISO 3166-1 alpha-2)
          blockedCountries: [ "RU" ]
          # Default allow indicates that if an IP is in neither block list nor allow lists, it should be allowed.
          defaultAllow: false
          # Allow requests from private / internal networks?
          allowPrivate: true
          # HTTP status code to return for disallowed requests (default: 403)
          disallowedStatusCode: 204
          # Add CIDR to be whitelisted, even if in a non-allowed country
          allowedIPBlocks: ["66.249.64.0/19"]
          # Add CIDR to be blacklisted, even if in an allowed country or IP block
          blockedIPBlocks: ["66.249.64.5/32"]